
Microsoft Visual Studio Solution File, Format Version 12.00
# Visual Studio Version 17
VisualStudioVersion = 17.8.34408.163
MinimumVisualStudioVersion = 10.0.40219.1
Project("{FAE04EC0-301F-11D3-BF4B-00C04F79EFBC}") = "Mission11_Hall", "Mission11_Hall.csproj", "{E9525BE6-0EF0-48A2-94FD-02EC2991F3A6}"
EndProject
Global
	GlobalSection(SolutionConfigurationPlatforms) = preSolution
		Debug|Any CPU = Debug|Any CPU
		Release|Any CPU = Release|Any CPU
	EndGlobalSection
	GlobalSection(ProjectConfigurationPlatforms) = postSolution
		{E9525BE6-0EF0-48A2-94FD-02EC2991F3A6}.Debug|Any CPU.ActiveCfg = Debug|Any CPU
		{E9525BE6-0EF0-48A2-94FD-02EC2991F3A6}.Debug|Any CPU.Build.0 = Debug|Any CPU
		{E9525BE6-0EF0-48A2-94FD-02EC2991F3A6}.Release|Any CPU.ActiveCfg = Release|Any CPU
		{E9525BE6-0EF0-48A2-94FD-02EC2991F3A6}.Release|Any CPU.Build.0 = Release|Any CPU
	EndGlobalSection
	GlobalSection(SolutionProperties) = preSolution
		HideSolutionNode = FALSE
	EndGlobalSection
	GlobalSection(ExtensibilityGlobals) = postSolution
		SolutionGuid = {AE85DE42-AE99-4179-9914-6A3E1B7E30FC}
	EndGlobalSection
EndGlobal
